// !$*UTF8*$!
{
	archiveVersion = 1;
	classes = {
	};
	objectVersion = 77;
	objects = {

/* Begin PBXBuildFile section */
		E194453E2E9E54EE000187BC /* WorkoutWacthApp Watch App.app in Embed Watch Content */ = {isa = PBXBuildFile; fileRef = E194451E2E9E54EC000187BC /* WorkoutWacthApp Watch App.app */; settings = {ATTRIBUTES = (RemoveHeadersOnCopy, ); }; };
/* End PBXBuildFile section */

/* Begin PBXContainerItemProxy section */
		E19444F62E9E53B7000187BC /* PBXContainerItemProxy */ = {
			isa = PBXContainerItemProxy;
			containerPortal = E19444DC2E9E53B5000187BC /* Project object */;
			proxyType = 1;
			remoteGlobalIDString = E19444E32E9E53B5000187BC;
			remoteInfo = WorkoutApp;
		};
		E19445002E9E53B7000187BC /* PBXContainerItemProxy */ = {
			isa = PBXContainerItemProxy;
			containerPortal = E19444DC2E9E53B5000187BC /* Project object */;
			proxyType = 1;
			remoteGlobalIDString = E19444E32E9E53B5000187BC;
			remoteInfo = WorkoutApp;
		};
		E194452B2E9E54EE000187BC /* PBXContainerItemProxy */ = {
			isa = PBXContainerItemProxy;
			containerPortal = E19444DC2E9E53B5000187BC /* Project object */;
			proxyType = 1;
			remoteGlobalIDString = E194451D2E9E54EC000187BC;
			remoteInfo = "WorkoutWacthApp Watch App";
		};
		E19445352E9E54EE000187BC /* PBXContainerItemProxy */ = {
			isa = PBXContainerItemProxy;
			containerPortal = E19444DC2E9E53B5000187BC /* Project object */;
			proxyType = 1;
			remoteGlobalIDString = E194451D2E9E54EC000187BC;
			remoteInfo = "WorkoutWacthApp Watch App";
		};
		E194453C2E9E54EE000187BC /* PBXContainerItemProxy */ = {
			isa = PBXContainerItemProxy;
			containerPortal = E19444DC2E9E53B5000187BC /* Project object */;
			proxyType = 1;
			remoteGlobalIDString = E194451D2E9E54EC000187BC;
			remoteInfo = "WorkoutWacthApp Watch App";
		};
/* End PBXContainerItemProxy section */

/* Begin PBXCopyFilesBuildPhase section */
		E19445422E9E54EE000187BC /* Embed Watch Content */ = {
			isa = PBXCopyFilesBuildPhase;
			buildActionMask = 2147483647;
			dstPath = "$(CONTENTS_FOLDER_PATH)/Watch";
			dstSubfolderSpec = 16;
			files = (
				E194453E2E9E54EE000187BC /* WorkoutWacthApp Watch App.app in Embed Watch Content */,
			);
			name = "Embed Watch Content";
			runOnlyForDeploymentPostprocessing = 0;
		};
/* End PBXCopyFilesBuildPhase section */

/* Begin PBXFileReference section */
		E19444E42E9E53B5000187BC /* WorkoutApp.app */ = {isa = PBXFileReference; explicitFileType = wrapper.application; includeInIndex = 0; path = WorkoutApp.app; sourceTree = BUILT_PRODUCTS_DIR; };
		E19444F52E9E53B7000187BC /* WorkoutAppTests.xctest */ = {isa = PBXFileReference; explicitFileType = wrapper.cfbundle; includeInIndex = 0; path = WorkoutAppTests.xctest; sourceTree = BUILT_PRODUCTS_DIR; };
		E19444FF2E9E53B7000187BC /* WorkoutAppUITests.xctest */ = {isa = PBXFileReference; explicitFileType = wrapper.cfbundle; includeInIndex = 0; path = WorkoutAppUITests.xctest; sourceTree = BUILT_PRODUCTS_DIR; };
		E194451E2E9E54EC000187BC /* WorkoutWacthApp Watch App.app */ = {isa = PBXFileReference; explicitFileType = wrapper.application; includeInIndex = 0; path = "WorkoutWacthApp Watch App.app"; sourceTree = BUILT_PRODUCTS_DIR; };
		E194452A2E9E54EE000187BC /* WorkoutWacthApp Watch AppTests.xctest */ = {isa = PBXFileReference; explicitFileType = wrapper.cfbundle; includeInIndex = 0; path = "WorkoutWacthApp Watch AppTests.xctest"; sourceTree = BUILT_PRODUCTS_DIR; };
		E19445342E9E54EE000187BC /* WorkoutWacthApp Watch AppUITests.xctest */ = {isa = PBXFileReference; explicitFileType = wrapper.cfbundle; includeInIndex = 0; path = "WorkoutWacthApp Watch AppUITests.xctest"; sourceTree = BUILT_PRODUCTS_DIR; };
/* End PBXFileReference section */

/* Begin PBXFileSystemSynchronizedBuildFileExceptionSet section */
		E19445072E9E53B7000187BC /* Exceptions for "WorkoutApp" folder in "WorkoutApp" target */ = {
			isa = PBXFileSystemSynchronizedBuildFileExceptionSet;
			membershipExceptions = (
				Info.plist,
			);
			target = E19444E32E9E53B5000187BC /* WorkoutApp */;
		};
/* End PBXFileSystemSynchronizedBuildFileExceptionSet section */

/* Begin PBXFileSystemSynchronizedRootGroup section */
		E19444E62E9E53B5000187BC /* WorkoutApp */ = {
			isa = PBXFileSystemSynchronizedRootGroup;
			exceptions = (
				E19445072E9E53B7000187BC /* Exceptions for "WorkoutApp" folder in "WorkoutApp" target */,
			);
			path = WorkoutApp;
			sourceTree = "<group>";
		};
		E19444F82E9E53B7000187BC /* WorkoutAppTests */ = {
			isa = PBXFileSystemSynchronizedRootGroup;
			path = WorkoutAppTests;
			sourceTree = "<group>";
		};
		E19445022E9E53B7000187BC /* WorkoutAppUITests */ = {
			isa = PBXFileSystemSynchronizedRootGroup;
			path = WorkoutAppUITests;
			sourceTree = "<group>";
		};
		E194451F2E9E54EC000187BC /* WorkoutWacthApp Watch App */ = {
			isa = PBXFileSystemSynchronizedRootGroup;
			path = "WorkoutWacthApp Watch App";
			sourceTree = "<group>";
		};
		E194452D2E9E54EE000187BC /* WorkoutWacthApp Watch AppTests */ = {
			isa = PBXFileSystemSynchronizedRootGroup;
			path = "WorkoutWacthApp Watch AppTests";
			sourceTree = "<group>";
		};
		E19445372E9E54EE000187BC /* WorkoutWacthApp Watch AppUITests */ = {
			isa = PBXFileSystemSynchronizedRootGroup;
			path = "WorkoutWacthApp Watch AppUITests";
			sourceTree = "<group>";
		};
/* End PBXFileSystemSynchronizedRootGroup section */

/* Begin PBXFrameworksBuildPhase section */
		E19444E12E9E53B5000187BC /* Frameworks */ = {
			isa = PBXFrameworksBuildPhase;
			buildActionMask = 2147483647;
			files = (
			);
			runOnlyForDeploymentPostprocessing = 0;
		};
		E19444F22E9E53B7000187BC /* Frameworks */ = {
			isa = PBXFrameworksBuildPhase;
			buildActionMask = 2147483647;
			files = (
			);
			runOnlyForDeploymentPostprocessing = 0;
		};
		E19444FC2E9E53B7000187BC /* Frameworks */ = {
			isa = PBXFrameworksBuildPhase;
			buildActionMask = 2147483647;
			files = (
			);
			runOnlyForDeploymentPostprocessing = 0;
		};
		E194451B2E9E54EC000187BC /* Frameworks */ = {
			isa = PBXFrameworksBuildPhase;
			buildActionMask = 2147483647;
			files = (
			);
			runOnlyForDeploymentPostprocessing = 0;
		};
		E19445272E9E54EE000187BC /* Frameworks */ = {
			isa = PBXFrameworksBuildPhase;
			buildActionMask = 2147483647;
			files = (
			);
			runOnlyForDeploymentPostprocessing = 0;
		};
		E19445312E9E54EE000187BC /* Frameworks */ = {
			isa = PBXFrameworksBuildPhase;
			buildActionMask = 2147483647;
			files = (
			);
			runOnlyForDeploymentPostprocessing = 0;
		};
/* End PBXFrameworksBuildPhase section */

/* Begin PBXGroup section */
		E19444DB2E9E53B5000187BC = {
			isa = PBXGroup;
			children = (
				E19444E62E9E53B5000187BC /* WorkoutApp */,
				E19444F82E9E53B7000187BC /* WorkoutAppTests */,
				E19445022E9E53B7000187BC /* WorkoutAppUITests */,
				E194451F2E9E54EC000187BC /* WorkoutWacthApp Watch App */,
				E194452D2E9E54EE000187BC /* WorkoutWacthApp Watch AppTests */,
				E19445372E9E54EE000187BC /* WorkoutWacthApp Watch AppUITests */,
				E19444E52E9E53B5000187BC /* Products */,
			);
			sourceTree = "<group>";
		};
		E19444E52E9E53B5000187BC /* Products */ = {
			isa = PBXGroup;
			children = (
				E19444E42E9E53B5000187BC /* WorkoutApp.app */,
				E19444F52E9E53B7000187BC /* WorkoutAppTests.xctest */,
				E19444FF2E9E53B7000187BC /* WorkoutAppUITests.xctest */,
				E194451E2E9E54EC000187BC /* WorkoutWacthApp Watch App.app */,
				E194452A2E9E54EE000187BC /* WorkoutWacthApp Watch AppTests.xctest */,
				E19445342E9E54EE000187BC /* WorkoutWacthApp Watch AppUITests.xctest */,
			);
			name = Products;
			sourceTree = "<group>";
		};
/* End PBXGroup section */

/* Begin PBXNativeTarget section */
		E19444E32E9E53B5000187BC /* WorkoutApp */ = {
			isa = PBXNativeTarget;
			buildConfigurationList = E19445082E9E53B7000187BC /* Build configuration list for PBXNativeTarget "WorkoutApp" */;
			buildPhases = (
				E19444E02E9E53B5000187BC /* Sources */,
				E19444E12E9E53B5000187BC /* Frameworks */,
				E19444E22E9E53B5000187BC /* Resources */,
				E19445422E9E54EE000187BC /* Embed Watch Content */,
			);
			buildRules = (
			);
			dependencies = (
				E194453D2E9E54EE000187BC /* PBXTargetDependency */,
			);
			fileSystemSynchronizedGroups = (
				E19444E62E9E53B5000187BC /* WorkoutApp */,
			);
			name = WorkoutApp;
			packageProductDependencies = (
			);
			productName = WorkoutApp;
			productReference = E19444E42E9E53B5000187BC /* WorkoutApp.app */;
			productType = "com.apple.product-type.application";
		};
		E19444F42E9E53B7000187BC /* WorkoutAppTests */ = {
			isa = PBXNativeTarget;
			buildConfigurationList = E194450D2E9E53B7000187BC /* Build configuration list for PBXNativeTarget "WorkoutAppTests" */;
			buildPhases = (
				E19444F12E9E53B7000187BC /* Sources */,
				E19444F22E9E53B7000187BC /* Frameworks */,
				E19444F32E9E53B7000187BC /* Resources */,
			);
			buildRules = (
			);
			dependencies = (
				E19444F72E9E53B7000187BC /* PBXTargetDependency */,
			);
			fileSystemSynchronizedGroups = (
				E19444F82E9E53B7000187BC /* WorkoutAppTests */,
			);
			name = WorkoutAppTests;
			packageProductDependencies = (
			);
			productName = WorkoutAppTests;
			productReference = E19444F52E9E53B7000187BC /* WorkoutAppTests.xctest */;
			productType = "com.apple.product-type.bundle.unit-test";
		};
		E19444FE2E9E53B7000187BC /* WorkoutAppUITests */ = {
			isa = PBXNativeTarget;
			buildConfigurationList = E19445102E9E53B7000187BC /* Build configuration list for PBXNativeTarget "WorkoutAppUITests" */;
			buildPhases = (
				E19444FB2E9E53B7000187BC /* Sources */,
				E19444FC2E9E53B7000187BC /* Frameworks */,
				E19444FD2E9E53B7000187BC /* Resources */,
			);
			buildRules = (
			);
			dependencies = (
				E19445012E9E53B7000187BC /* PBXTargetDependency */,
			);
			fileSystemSynchronizedGroups = (
				E19445022E9E53B7000187BC /* WorkoutAppUITests */,
			);
			name = WorkoutAppUITests;
			packageProductDependencies = (
			);
			productName = WorkoutAppUITests;
			productReference = E19444FF2E9E53B7000187BC /* WorkoutAppUITests.xctest */;
			productType = "com.apple.product-type.bundle.ui-testing";
		};
		E194451D2E9E54EC000187BC /* WorkoutWacthApp Watch App */ = {
			isa = PBXNativeTarget;
			buildConfigurationList = E194453F2E9E54EE000187BC /* Build configuration list for PBXNativeTarget "WorkoutWacthApp Watch App" */;
			buildPhases = (
				E194451A2E9E54EC000187BC /* Sources */,
				E194451B2E9E54EC000187BC /* Frameworks */,
				E194451C2E9E54EC000187BC /* Resources */,
			);
			buildRules = (
			);
			dependencies = (
			);
			fileSystemSynchronizedGroups = (
				E194451F2E9E54EC000187BC /* WorkoutWacthApp Watch App */,
			);
			name = "WorkoutWacthApp Watch App";
			packageProductDependencies = (
			);
			productName = "WorkoutWacthApp Watch App";
			productReference = E194451E2E9E54EC000187BC /* WorkoutWacthApp Watch App.app */;
			productType = "com.apple.product-type.application";
		};
		E19445292E9E54EE000187BC /* WorkoutWacthApp Watch AppTests */ = {
			isa = PBXNativeTarget;
			buildConfigurationList = E19445432E9E54EE000187BC /* Build configuration list for PBXNativeTarget "WorkoutWacthApp Watch AppTests" */;
			buildPhases = (
				E19445262E9E54EE000187BC /* Sources */,
				E19445272E9E54EE000187BC /* Frameworks */,
				E19445282E9E54EE000187BC /* Resources */,
			);
			buildRules = (
			);
			dependencies = (
				E194452C2E9E54EE000187BC /* PBXTargetDependency */,
			);
			fileSystemSynchronizedGroups = (
				E194452D2E9E54EE000187BC /* WorkoutWacthApp Watch AppTests */,
			);
			name = "WorkoutWacthApp Watch AppTests";
			packageProductDependencies = (
			);
			productName = "WorkoutWacthApp Watch AppTests";
			productReference = E194452A2E9E54EE000187BC /* WorkoutWacthApp Watch AppTests.xctest */;
			productType = "com.apple.product-type.bundle.unit-test";
		};
		E19445332E9E54EE000187BC /* WorkoutWacthApp Watch AppUITests */ = {
			isa = PBXNativeTarget;
			buildConfigurationList = E19445462E9E54EE000187BC /* Build configuration list for PBXNativeTarget "WorkoutWacthApp Watch AppUITests" */;
			buildPhases = (
				E19445302E9E54EE000187BC /* Sources */,
				E19445312E9E54EE000187BC /* Frameworks */,
				E19445322E9E54EE000187BC /* Resources */,
			);
			buildRules = (
			);
			dependencies = (
				E19445362E9E54EE000187BC /* PBXTargetDependency */,
			);
			fileSystemSynchronizedGroups = (
				E19445372E9E54EE000187BC /* WorkoutWacthApp Watch AppUITests */,
			);
			name = "WorkoutWacthApp Watch AppUITests";
			packageProductDependencies = (
			);
			productName = "WorkoutWacthApp Watch AppUITests";
			productReference = E19445342E9E54EE000187BC /* WorkoutWacthApp Watch AppUITests.xctest */;
			productType = "com.apple.product-type.bundle.ui-testing";
		};
/* End PBXNativeTarget section */

/* Begin PBXProject section */
		E19444DC2E9E53B5000187BC /* Project object */ = {
			isa = PBXProject;
			attributes = {
				BuildIndependentTargetsInParallel = 1;
				LastSwiftUpdateCheck = 1640;
				LastUpgradeCheck = 1640;
				TargetAttributes = {
					E19444E32E9E53B5000187BC = {
						CreatedOnToolsVersion = 16.4;
					};
					E19444F42E9E53B7000187BC = {
						CreatedOnToolsVersion = 16.4;
						TestTargetID = E19444E32E9E53B5000187BC;
					};
					E19444FE2E9E53B7000187BC = {
						CreatedOnToolsVersion = 16.4;
						TestTargetID = E19444E32E9E53B5000187BC;
					};
					E194451D2E9E54EC000187BC = {
						CreatedOnToolsVersion = 16.4;
					};
					E19445292E9E54EE000187BC = {
						CreatedOnToolsVersion = 16.4;
						TestTargetID = E194451D2E9E54EC000187BC;
					};
					E19445332E9E54EE000187BC = {
						CreatedOnToolsVersion = 16.4;
						TestTargetID = E194451D2E9E54EC000187BC;
					};
				};
			};
			buildConfigurationList = E19444DF2E9E53B5000187BC /* Build configuration list for PBXProject "WorkoutApp" */;
			developmentRegion = en;
			hasScannedForEncodings = 0;
			knownRegions = (
				en,
				Base,
			);
			mainGroup = E19444DB2E9E53B5000187BC;
			minimizedProjectReferenceProxies = 1;
			preferredProjectObjectVersion = 77;
			productRefGroup = E19444E52E9E53B5000187BC /* Products */;
			projectDirPath = "";
			projectRoot = "";
			targets = (
				E19444E32E9E53B5000187BC /* WorkoutApp */,
				E19444F42E9E53B7000187BC /* WorkoutAppTests */,
				E19444FE2E9E53B7000187BC /* WorkoutAppUITests */,
				E194451D2E9E54EC000187BC /* WorkoutWacthApp Watch App */,
				E19445292E9E54EE000187BC /* WorkoutWacthApp Watch AppTests */,
				E19445332E9E54EE000187BC /* WorkoutWacthApp Watch AppUITests */,
			);
		};
/* End PBXProject section */

/* Begin PBXResourcesBuildPhase section */
		E19444E22E9E53B5000187BC /* Resources */ = {
			isa = PBXResourcesBuildPhase;
			buildActionMask = 2147483647;
			files = (
			);
			runOnlyForDeploymentPostprocessing = 0;
		};
		E19444F32E9E53B7000187BC /* Resources */ = {
			isa = PBXResourcesBuildPhase;
			buildActionMask = 2147483647;
			files = (
			);
			runOnlyForDeploymentPostprocessing = 0;
		};
		E19444FD2E9E53B7000187BC /* Resources */ = {
			isa = PBXResourcesBuildPhase;
			buildActionMask = 2147483647;
			files = (
			);
			runOnlyForDeploymentPostprocessing = 0;
		};
		E194451C2E9E54EC000187BC /* Resources */ = {
			isa = PBXResourcesBuildPhase;
			buildActionMask = 2147483647;
			files = (
			);
			runOnlyForDeploymentPostprocessing = 0;
		};
		E19445282E9E54EE000187BC /* Resources */ = {
			isa = PBXResourcesBuildPhase;
			buildActionMask = 2147483647;
			files = (
			);
			runOnlyForDeploymentPostprocessing = 0;
		};
		E19445322E9E54EE000187BC /* Resources */ = {
			isa = PBXResourcesBuildPhase;
			buildActionMask = 2147483647;
			files = (
			);
			runOnlyForDeploymentPostprocessing = 0;
		};
/* End PBXResourcesBuildPhase section */

/* Begin PBXSourcesBuildPhase section */
		E19444E02E9E53B5000187BC /* Sources */ = {
			isa = PBXSourcesBuildPhase;
			buildActionMask = 2147483647;
			files = (
			);
			runOnlyForDeploymentPostprocessing = 0;
		};
		E19444F12E9E53B7000187BC /* Sources */ = {
			isa = PBXSourcesBuildPhase;
			buildActionMask = 2147483647;
			files = (
			);
			runOnlyForDeploymentPostprocessing = 0;
		};
		E19444FB2E9E53B7000187BC /* Sources */ = {
			isa = PBXSourcesBuildPhase;
			buildActionMask = 2147483647;
			files = (
			);
			runOnlyForDeploymentPostprocessing = 0;
		};
		E194451A2E9E54EC000187BC /* Sources */ = {
			isa = PBXSourcesBuildPhase;
			buildActionMask = 2147483647;
			files = (
			);
			runOnlyForDeploymentPostprocessing = 0;
		};
		E19445262E9E54EE000187BC /* Sources */ = {
			isa = PBXSourcesBuildPhase;
			buildActionMask = 2147483647;
			files = (
			);
			runOnlyForDeploymentPostprocessing = 0;
		};
		E19445302E9E54EE000187BC /* Sources */ = {
			isa = PBXSourcesBuildPhase;
			buildActionMask = 2147483647;
			files = (
			);
			runOnlyForDeploymentPostprocessing = 0;
		};
/* End PBXSourcesBuildPhase section */

/* Begin PBXTargetDependency section */
		E19444F72E9E53B7000187BC /* PBXTargetDependency */ = {
			isa = PBXTargetDependency;
			target = E19444E32E9E53B5000187BC /* WorkoutApp */;
			targetProxy = E19444F62E9E53B7000187BC /* PBXContainerItemProxy */;
		};
		E19445012E9E53B7000187BC /* PBXTargetDependency */ = {
			isa = PBXTargetDependency;
			target = E19444E32E9E53B5000187BC /* WorkoutApp */;
			targetProxy = E19445002E9E53B7000187BC /* PBXContainerItemProxy */;
		};
		E194452C2E9E54EE000187BC /* PBXTargetDependency */ = {
			isa = PBXTargetDependency;
			target = E194451D2E9E54EC000187BC /* WorkoutWacthApp Watch App */;
			targetProxy = E194452B2E9E54EE000187BC /* PBXContainerItemProxy */;
		};
		E19445362E9E54EE000187BC /* PBXTargetDependency */ = {
			isa = PBXTargetDependency;
			target = E194451D2E9E54EC000187BC /* WorkoutWacthApp Watch App */;
			targetProxy = E19445352E9E54EE000187BC /* PBXContainerItemProxy */;
		};
		E194453D2E9E54EE000187BC /* PBXTargetDependency */ = {
			isa = PBXTargetDependency;
			target = E194451D2E9E54EC000187BC /* WorkoutWacthApp Watch App */;
			targetProxy = E194453C2E9E54EE000187BC /* PBXContainerItemProxy */;
		};
/* End PBXTargetDependency section */

/* Begin XCBuildConfiguration section */
		E19445092E9E53B7000187BC /* Debug */ = {
			isa = XCBuildConfiguration;
			buildSettings = {
				ASSETCATALOG_COMPILER_APPICON_NAME = AppIcon;
				ASSETCATALOG_COMPILER_GLOBAL_ACCENT_COLOR_NAME = AccentColor;
				CODE_SIGN_ENTITLEMENTS = WorkoutApp/WorkoutApp.entitlements;
				CODE_SIGN_STYLE = Automatic;
				CURRENT_PROJECT_VERSION = 1;
				DEVELOPMENT_TEAM = AM6F45J357;
				ENABLE_PREVIEWS = YES;
				GENERATE_INFOPLIST_FILE = YES;
				INFOPLIST_FILE = WorkoutApp/Info.plist;
				INFOPLIST_KEY_UIApplicationSceneManifest_Generation = YES;
				INFOPLIST_KEY_UIApplicationSupportsIndirectInputEvents = YES;
				INFOPLIST_KEY_UILaunchScreen_Generation = YES;
				INFOPLIST_KEY_UISupportedInterfaceOrientations_iPad = "UIInterfaceOrientationPortrait UIInterfaceOrientationPortraitUpsideDown UIInterfaceOrientationLandscapeLeft UIInterfaceOrientationLandscapeRight";
				INFOPLIST_KEY_UISupportedInterfaceOrientations_iPhone = "UIInterfaceOrientationPortrait UIInterfaceOrientationLandscapeLeft UIInterfaceOrientationLandscapeRight";
				LD_RUNPATH_SEARCH_PATHS = (
					"$(inherited)",
					"@executable_path/Frameworks",
				);
				MARKETING_VERSION = 1.0;
				PRODUCT_BUNDLE_IDENTIFIER = dawnhazed.WorkoutApp;
				PRODUCT_NAME = "$(TARGET_NAME)";
				SWIFT_EMIT_LOC_STRINGS = YES;
				SWIFT_VERSION = 5.0;
				TARGETED_DEVICE_FAMILY = "1,2";
			};
			name = Debug;
		};
		E194450A2E9E53B7000187BC /* Release */ = {
			isa = XCBuildConfiguration;
			buildSettings = {
				ASSETCATALOG_COMPILER_APPICON_NAME = AppIcon;
				ASSETCATALOG_COMPILER_GLOBAL_ACCENT_COLOR_NAME = AccentColor;
				CODE_SIGN_ENTITLEMENTS = WorkoutApp/WorkoutApp.entitlements;
				CODE_SIGN_STYLE = Automatic;
				CURRENT_PROJECT_VERSION = 1;
				DEVELOPMENT_TEAM = AM6F45J357;
				ENABLE_PREVIEWS = YES;
				GENERATE_INFOPLIST_FILE = YES;
				INFOPLIST_FILE = WorkoutApp/Info.plist;
				INFOPLIST_KEY_UIApplicationSceneManifest_Generation = YES;
				INFOPLIST_KEY_UIApplicationSupportsIndirectInputEvents = YES;
				INFOPLIST_KEY_UILaunchScreen_Generation = YES;
				INFOPLIST_KEY_UISupportedInterfaceOrientations_iPad = "UIInterfaceOrientationPortrait UIInterfaceOrientationPortraitUpsideDown UIInterfaceOrientationLandscapeLeft UIInterfaceOrientationLandscapeRight";
				INFOPLIST_KEY_UISupportedInterfaceOrientations_iPhone = "UIInterfaceOrientationPortrait UIInterfaceOrientationLandscapeLeft UIInterfaceOrientationLandscapeRight";
				LD_RUNPATH_SEARCH_PATHS = (
					"$(inherited)",
					"@executable_path/Frameworks",
				);
				MARKETING_VERSION = 1.0;
				PRODUCT_BUNDLE_IDENTIFIER = dawnhazed.WorkoutApp;
				PRODUCT_NAME = "$(TARGET_NAME)";
				SWIFT_EMIT_LOC_STRINGS = YES;
				SWIFT_VERSION = 5.0;
				TARGETED_DEVICE_FAMILY = "1,2";
			};
			name = Release;
		};
		E194450B2E9E53B7000187BC /* Debug */ = {
			isa = XCBuildConfiguration;
			buildSettings = {
				ALWAYS_SEARCH_USER_PATHS = NO;
				ASSETCATALOG_COMPILER_GENERATE_SWIFT_ASSET_SYMBOL_EXTENSIONS = YES;
				CLANG_ANALYZER_NONNULL = YES;
				CLANG_ANALYZER_NUMBER_OBJECT_CONVERSION = YES_AGGRESSIVE;
				CLANG_CXX_LANGUAGE_STANDARD = "gnu++20";
				CLANG_ENABLE_MODULES = YES;
				CLANG_ENABLE_OBJC_ARC = YES;
				CLANG_ENABLE_OBJC_WEAK = YES;
				CLANG_WARN_BLOCK_CAPTURE_AUTORELEASING = YES;
				CLANG_WARN_BOOL_CONVERSION = YES;
				CLANG_WARN_COMMA = YES;
				CLANG_WARN_CONSTANT_CONVERSION = YES;
				CLANG_WARN_DEPRECATED_OBJC_IMPLEMENTATIONS = YES;
				CLANG_WARN_DIRECT_OBJC_ISA_USAGE = YES_ERROR;
				CLANG_WARN_DOCUMENTATION_COMMENTS = YES;
				CLANG_WARN_EMPTY_BODY = YES;
				CLANG_WARN_ENUM_CONVERSION = YES;
				CLANG_WARN_INFINITE_RECURSION = YES;
				CLANG_WARN_INT_CONVERSION = YES;
				CLANG_WARN_NON_LITERAL_NULL_CONVERSION = YES;
				CLANG_WARN_OBJC_IMPLICIT_RETAIN_SELF = YES;
				CLANG_WARN_OBJC_LITERAL_CONVERSION = YES;
				CLANG_WARN_OBJC_ROOT_CLASS = YES_ERROR;
				CLANG_WARN_QUOTED_INCLUDE_IN_FRAMEWORK_HEADER = YES;
				CLANG_WARN_RANGE_LOOP_ANALYSIS = YES;
				CLANG_WARN_STRICT_PROTOTYPES = YES;
				CLANG_WARN_SUSPICIOUS_MOVE = YES;
				CLANG_WARN_UNGUARDED_AVAILABILITY = YES_AGGRESSIVE;
				CLANG_WARN_UNREACHABLE_CODE = YES;
				CLANG_WARN__DUPLICATE_METHOD_MATCH = YES;
				COPY_PHASE_STRIP = NO;
				DEBUG_INFORMATION_FORMAT = dwarf;
				DEVELOPMENT_TEAM = AM6F45J357;
				ENABLE_STRICT_OBJC_MSGSEND = YES;
				ENABLE_TESTABILITY = YES;
				ENABLE_USER_SCRIPT_SANDBOXING = YES;
				GCC_C_LANGUAGE_STANDARD = gnu17;
				GCC_DYNAMIC_NO_PIC = NO;
				GCC_NO_COMMON_BLOCKS = YES;
				GCC_OPTIMIZATION_LEVEL = 0;
				GCC_PREPROCESSOR_DEFINITIONS = (
					"DEBUG=1",
					"$(inherited)",
				);
				GCC_WARN_64_TO_32_BIT_CONVERSION = YES;
				GCC_WARN_ABOUT_RETURN_TYPE = YES_ERROR;
				GCC_WARN_UNDECLARED_SELECTOR = YES;
				GCC_WARN_UNINITIALIZED_AUTOS = YES_AGGRESSIVE;
				GCC_WARN_UNUSED_FUNCTION = YES;
				GCC_WARN_UNUSED_VARIABLE = YES;
				IPHONEOS_DEPLOYMENT_TARGET = 18.5;
				LOCALIZATION_PREFERS_STRING_CATALOGS = YES;
				MTL_ENABLE_DEBUG_INFO = INCLUDE_SOURCE;
				MTL_FAST_MATH = YES;
				ONLY_ACTIVE_ARCH = YES;
				SDKROOT = iphoneos;
				SWIFT_ACTIVE_COMPILATION_CONDITIONS = "DEBUG $(inherited)";
				SWIFT_OPTIMIZATION_LEVEL = "-Onone";
			};
			name = Debug;
		};
		E194450C2E9E53B7000187BC /* Release */ = {
			isa = XCBuildConfiguration;
			buildSettings = {
				ALWAYS_SEARCH_USER_PATHS = NO;
				ASSETCATALOG_COMPILER_GENERATE_SWIFT_ASSET_SYMBOL_EXTENSIONS = YES;
				CLANG_ANALYZER_NONNULL = YES;
				CLANG_ANALYZER_NUMBER_OBJECT_CONVERSION = YES_AGGRESSIVE;
				CLANG_CXX_LANGUAGE_STANDARD = "gnu++20";
				CLANG_ENABLE_MODULES = YES;
				CLANG_ENABLE_OBJC_ARC = YES;
				CLANG_ENABLE_OBJC_WEAK = YES;
				CLANG_WARN_BLOCK_CAPTURE_AUTORELEASING = YES;
				CLANG_WARN_BOOL_CONVERSION = YES;
				CLANG_WARN_COMMA = YES;
				CLANG_WARN_CONSTANT_CONVERSION = YES;
				CLANG_WARN_DEPRECATED_OBJC_IMPLEMENTATIONS = YES;
				CLANG_WARN_DIRECT_OBJC_ISA_USAGE = YES_ERROR;
				CLANG_WARN_DOCUMENTATION_COMMENTS = YES;
				CLANG_WARN_EMPTY_BODY = YES;
				CLANG_WARN_ENUM_CONVERSION = YES;
				CLANG_WARN_INFINITE_RECURSION = YES;
				CLANG_WARN_INT_CONVERSION = YES;
				CLANG_WARN_NON_LITERAL_NULL_CONVERSION = YES;
				CLANG_WARN_OBJC_IMPLICIT_RETAIN_SELF = YES;
				CLANG_WARN_OBJC_LITERAL_CONVERSION = YES;
				CLANG_WARN_OBJC_ROOT_CLASS = YES_ERROR;
				CLANG_WARN_QUOTED_INCLUDE_IN_FRAMEWORK_HEADER = YES;
				CLANG_WARN_RANGE_LOOP_ANALYSIS = YES;
				CLANG_WARN_STRICT_PROTOTYPES = YES;
				CLANG_WARN_SUSPICIOUS_MOVE = YES;
				CLANG_WARN_UNGUARDED_AVAILABILITY = YES_AGGRESSIVE;
				CLANG_WARN_UNREACHABLE_CODE = YES;
				CLANG_WARN__DUPLICATE_METHOD_MATCH = YES;
				COPY_PHASE_STRIP = NO;
				DEBUG_INFORMATION_FORMAT = "dwarf-with-dsym";
				DEVELOPMENT_TEAM = AM6F45J357;
				ENABLE_NS_ASSERTIONS = NO;
				ENABLE_STRICT_OBJC_MSGSEND = YES;
				ENABLE_USER_SCRIPT_SANDBOXING = YES;
				GCC_C_LANGUAGE_STANDARD = gnu17;
				GCC_NO_COMMON_BLOCKS = YES;
				GCC_WARN_64_TO_32_BIT_CONVERSION = YES;
				GCC_WARN_ABOUT_RETURN_TYPE = YES_ERROR;
				GCC_WARN_UNDECLARED_SELECTOR = YES;
				GCC_WARN_UNINITIALIZED_AUTOS = YES_AGGRESSIVE;
				GCC_WARN_UNUSED_FUNCTION = YES;
				GCC_WARN_UNUSED_VARIABLE = YES;
				IPHONEOS_DEPLOYMENT_TARGET = 18.5;
				LOCALIZATION_PREFERS_STRING_CATALOGS = YES;
				MTL_ENABLE_DEBUG_INFO = NO;
				MTL_FAST_MATH = YES;
				SDKROOT = iphoneos;
				SWIFT_COMPILATION_MODE = wholemodule;
				VALIDATE_PRODUCT = YES;
			};
			name = Release;
		};
		E194450E2E9E53B7000187BC /* Debug */ = {
			isa = XCBuildConfiguration;
			buildSettings = {
				BUNDLE_LOADER = "$(TEST_HOST)";
				CODE_SIGN_STYLE = Automatic;
				CURRENT_PROJECT_VERSION = 1;
				DEVELOPMENT_TEAM = AM6F45J357;
				GENERATE_INFOPLIST_FILE = YES;
				IPHONEOS_DEPLOYMENT_TARGET = 18.5;
				MARKETING_VERSION = 1.0;
				PRODUCT_BUNDLE_IDENTIFIER = dawnhazed.WorkoutAppTests;
				PRODUCT_NAME = "$(TARGET_NAME)";
				SWIFT_EMIT_LOC_STRINGS = NO;
				SWIFT_VERSION = 5.0;
				TARGETED_DEVICE_FAMILY = "1,2";
				TEST_HOST = "$(BUILT_PRODUCTS_DIR)/WorkoutApp.app/$(BUNDLE_EXECUTABLE_FOLDER_PATH)/WorkoutApp";
			};
			name = Debug;
		};
		E194450F2E9E53B7000187BC /* Release */ = {
			isa = XCBuildConfiguration;
			buildSettings = {
				BUNDLE_LOADER = "$(TEST_HOST)";
				CODE_SIGN_STYLE = Automatic;
				CURRENT_PROJECT_VERSION = 1;
				DEVELOPMENT_TEAM = AM6F45J357;
				GENERATE_INFOPLIST_FILE = YES;
				IPHONEOS_DEPLOYMENT_TARGET = 18.5;
				MARKETING_VERSION = 1.0;
				PRODUCT_BUNDLE_IDENTIFIER = dawnhazed.WorkoutAppTests;
				PRODUCT_NAME = "$(TARGET_NAME)";
				SWIFT_EMIT_LOC_STRINGS = NO;
				SWIFT_VERSION = 5.0;
				TARGETED_DEVICE_FAMILY = "1,2";
				TEST_HOST = "$(BUILT_PRODUCTS_DIR)/WorkoutApp.app/$(BUNDLE_EXECUTABLE_FOLDER_PATH)/WorkoutApp";
			};
			name = Release;
		};
		E19445112E9E53B7000187BC /* Debug */ = {
			isa = XCBuildConfiguration;
			buildSettings = {
				CODE_SIGN_STYLE = Automatic;
				CURRENT_PROJECT_VERSION = 1;
				DEVELOPMENT_TEAM = AM6F45J357;
				GENERATE_INFOPLIST_FILE = YES;
				MARKETING_VERSION = 1.0;
				PRODUCT_BUNDLE_IDENTIFIER = dawnhazed.WorkoutAppUITests;
				PRODUCT_NAME = "$(TARGET_NAME)";
				SWIFT_EMIT_LOC_STRINGS = NO;
				SWIFT_VERSION = 5.0;
				TARGETED_DEVICE_FAMILY = "1,2";
				TEST_TARGET_NAME = WorkoutApp;
			};
			name = Debug;
		};
		E19445122E9E53B7000187BC /* Release */ = {
			isa = XCBuildConfiguration;
			buildSettings = {
				CODE_SIGN_STYLE = Automatic;
				CURRENT_PROJECT_VERSION = 1;
				DEVELOPMENT_TEAM = AM6F45J357;
				GENERATE_INFOPLIST_FILE = YES;
				MARKETING_VERSION = 1.0;
				PRODUCT_BUNDLE_IDENTIFIER = dawnhazed.WorkoutAppUITests;
				PRODUCT_NAME = "$(TARGET_NAME)";
				SWIFT_EMIT_LOC_STRINGS = NO;
				SWIFT_VERSION = 5.0;
				TARGETED_DEVICE_FAMILY = "1,2";
				TEST_TARGET_NAME = WorkoutApp;
			};
			name = Release;
		};
		E19445402E9E54EE000187BC /* Debug */ = {
			isa = XCBuildConfiguration;
			buildSettings = {
				ASSETCATALOG_COMPILER_APPICON_NAME = AppIcon;
				ASSETCATALOG_COMPILER_GLOBAL_ACCENT_COLOR_NAME = AccentColor;
				CODE_SIGN_STYLE = Automatic;
				CURRENT_PROJECT_VERSION = 1;
				DEVELOPMENT_TEAM = AM6F45J357;
				ENABLE_PREVIEWS = YES;
				GENERATE_INFOPLIST_FILE = YES;
				INFOPLIST_KEY_CFBundleDisplayName = WorkoutWacthApp;
				INFOPLIST_KEY_UISupportedInterfaceOrientations = "UIInterfaceOrientationPortrait UIInterfaceOrientationPortraitUpsideDown";
				INFOPLIST_KEY_WKCompanionAppBundleIdentifier = dawnhazed.WorkoutApp;
				LD_RUNPATH_SEARCH_PATHS = (
					"$(inherited)",
					"@executable_path/Frameworks",
				);
				MARKETING_VERSION = 1.0;
				PRODUCT_BUNDLE_IDENTIFIER = dawnhazed.WorkoutApp.watchkitapp;
				PRODUCT_NAME = "$(TARGET_NAME)";
				SDKROOT = watchos;
				SKIP_INSTALL = YES;
				SWIFT_EMIT_LOC_STRINGS = YES;
				SWIFT_VERSION = 5.0;
				TARGETED_DEVICE_FAMILY = 4;
				WATCHOS_DEPLOYMENT_TARGET = 11.5;
			};
			name = Debug;
		};
		E19445412E9E54EE000187BC /* Release */ = {
			isa = XCBuildConfiguration;
			buildSettings = {
				ASSETCATALOG_COMPILER_APPICON_NAME = AppIcon;
				ASSETCATALOG_COMPILER_GLOBAL_ACCENT_COLOR_NAME = AccentColor;
				CODE_SIGN_STYLE = Automatic;
				CURRENT_PROJECT_VERSION = 1;
				DEVELOPMENT_TEAM = AM6F45J357;
				ENABLE_PREVIEWS = YES;
				GENERATE_INFOPLIST_FILE = YES;
				INFOPLIST_KEY_CFBundleDisplayName = WorkoutWacthApp;
				INFOPLIST_KEY_UISupportedInterfaceOrientations = "UIInterfaceOrientationPortrait UIInterfaceOrientationPortraitUpsideDown";
				INFOPLIST_KEY_WKCompanionAppBundleIdentifier = dawnhazed.WorkoutApp;
				LD_RUNPATH_SEARCH_PATHS = (
					"$(inherited)",
					"@executable_path/Frameworks",
				);
				MARKETING_VERSION = 1.0;
				PRODUCT_BUNDLE_IDENTIFIER = dawnhazed.WorkoutApp.watchkitapp;
				PRODUCT_NAME = "$(TARGET_NAME)";
				SDKROOT = watchos;
				SKIP_INSTALL = YES;
				SWIFT_EMIT_LOC_STRINGS = YES;
				SWIFT_VERSION = 5.0;
				TARGETED_DEVICE_FAMILY = 4;
				WATCHOS_DEPLOYMENT_TARGET = 11.5;
			};
			name = Release;
		};
		E19445442E9E54EE000187BC /* Debug */ = {
			isa = XCBuildConfiguration;
			buildSettings = {
				BUNDLE_LOADER = "$(TEST_HOST)";
				CODE_SIGN_STYLE = Automatic;
				CURRENT_PROJECT_VERSION = 1;
				DEVELOPMENT_TEAM = AM6F45J357;
				GENERATE_INFOPLIST_FILE = YES;
				MARKETING_VERSION = 1.0;
				PRODUCT_BUNDLE_IDENTIFIER = "dawnhazed.WorkoutWacthApp-Watch-AppTests";
				PRODUCT_NAME = "$(TARGET_NAME)";
				SDKROOT = watchos;
				SWIFT_EMIT_LOC_STRINGS = NO;
				SWIFT_VERSION = 5.0;
				TARGETED_DEVICE_FAMILY = 4;
				TEST_HOST = "$(BUILT_PRODUCTS_DIR)/WorkoutWacthApp Watch App.app/$(BUNDLE_EXECUTABLE_FOLDER_PATH)/WorkoutWacthApp Watch App";
				WATCHOS_DEPLOYMENT_TARGET = 11.5;
			};
			name = Debug;
		};
		E19445452E9E54EE000187BC /* Release */ = {
			isa = XCBuildConfiguration;
			buildSettings = {
				BUNDLE_LOADER = "$(TEST_HOST)";
				CODE_SIGN_STYLE = Automatic;
				CURRENT_PROJECT_VERSION = 1;
				DEVELOPMENT_TEAM = AM6F45J357;
				GENERATE_INFOPLIST_FILE = YES;
				MARKETING_VERSION = 1.0;
				PRODUCT_BUNDLE_IDENTIFIER = "dawnhazed.WorkoutWacthApp-Watch-AppTests";
				PRODUCT_NAME = "$(TARGET_NAME)";
				SDKROOT = watchos;
				SWIFT_EMIT_LOC_STRINGS = NO;
				SWIFT_VERSION = 5.0;
				TARGETED_DEVICE_FAMILY = 4;
				TEST_HOST = "$(BUILT_PRODUCTS_DIR)/WorkoutWacthApp Watch App.app/$(BUNDLE_EXECUTABLE_FOLDER_PATH)/WorkoutWacthApp Watch App";
				WATCHOS_DEPLOYMENT_TARGET = 11.5;
			};
			name = Release;
		};
		E19445472E9E54EE000187BC /* Debug */ = {
			isa = XCBuildConfiguration;
			buildSettings = {
				CODE_SIGN_STYLE = Automatic;
				CURRENT_PROJECT_VERSION = 1;
				DEVELOPMENT_TEAM = AM6F45J357;
				GENERATE_INFOPLIST_FILE = YES;
				MARKETING_VERSION = 1.0;
				PRODUCT_BUNDLE_IDENTIFIER = "dawnhazed.WorkoutWacthApp-Watch-AppUITests";
				PRODUCT_NAME = "$(TARGET_NAME)";
				SDKROOT = watchos;
				SWIFT_EMIT_LOC_STRINGS = NO;
				SWIFT_VERSION = 5.0;
				TARGETED_DEVICE_FAMILY = 4;
				TEST_TARGET_NAME = "WorkoutWacthApp Watch App";
				WATCHOS_DEPLOYMENT_TARGET = 11.5;
			};
			name = Debug;
		};
		E19445482E9E54EE000187BC /* Release */ = {
			isa = XCBuildConfiguration;
			buildSettings = {
				CODE_SIGN_STYLE = Automatic;
				CURRENT_PROJECT_VERSION = 1;
				DEVELOPMENT_TEAM = AM6F45J357;
				GENERATE_INFOPLIST_FILE = YES;
				MARKETING_VERSION = 1.0;
				PRODUCT_BUNDLE_IDENTIFIER = "dawnhazed.WorkoutWacthApp-Watch-AppUITests";
				PRODUCT_NAME = "$(TARGET_NAME)";
				SDKROOT = watchos;
				SWIFT_EMIT_LOC_STRINGS = NO;
				SWIFT_VERSION = 5.0;
				TARGETED_DEVICE_FAMILY = 4;
				TEST_TARGET_NAME = "WorkoutWacthApp Watch App";
				WATCHOS_DEPLOYMENT_TARGET = 11.5;
			};
			name = Release;
		};
/* End XCBuildConfiguration section */

/* Begin XCConfigurationList section */
		E19444DF2E9E53B5000187BC /* Build configuration list for PBXProject "WorkoutApp" */ = {
			isa = XCConfigurationList;
			buildConfigurations = (
				E194450B2E9E53B7000187BC /* Debug */,
				E194450C2E9E53B7000187BC /* Release */,
			);
			defaultConfigurationIsVisible = 0;
			defaultConfigurationName = Release;
		};
		E19445082E9E53B7000187BC /* Build configuration list for PBXNativeTarget "WorkoutApp" */ = {
			isa = XCConfigurationList;
			buildConfigurations = (
				E19445092E9E53B7000187BC /* Debug */,
				E194450A2E9E53B7000187BC /* Release */,
			);
			defaultConfigurationIsVisible = 0;
			defaultConfigurationName = Release;
		};
		E194450D2E9E53B7000187BC /* Build configuration list for PBXNativeTarget "WorkoutAppTests" */ = {
			isa = XCConfigurationList;
			buildConfigurations = (
				E194450E2E9E53B7000187BC /* Debug */,
				E194450F2E9E53B7000187BC /* Release */,
			);
			defaultConfigurationIsVisible = 0;
			defaultConfigurationName = Release;
		};
		E19445102E9E53B7000187BC /* Build configuration list for PBXNativeTarget "WorkoutAppUITests" */ = {
			isa = XCConfigurationList;
			buildConfigurations = (
				E19445112E9E53B7000187BC /* Debug */,
				E19445122E9E53B7000187BC /* Release */,
			);
			defaultConfigurationIsVisible = 0;
			defaultConfigurationName = Release;
		};
		E194453F2E9E54EE000187BC /* Build configuration list for PBXNativeTarget "WorkoutWacthApp Watch App" */ = {
			isa = XCConfigurationList;
			buildConfigurations = (
				E19445402E9E54EE000187BC /* Debug */,
				E19445412E9E54EE000187BC /* Release */,
			);
			defaultConfigurationIsVisible = 0;
			defaultConfigurationName = Release;
		};
		E19445432E9E54EE000187BC /* Build configuration list for PBXNativeTarget "WorkoutWacthApp Watch AppTests" */ = {
			isa = XCConfigurationList;
			buildConfigurations = (
				E19445442E9E54EE000187BC /* Debug */,
				E19445452E9E54EE000187BC /* Release */,
			);
			defaultConfigurationIsVisible = 0;
			defaultConfigurationName = Release;
		};
		E19445462E9E54EE000187BC /* Build configuration list for PBXNativeTarget "WorkoutWacthApp Watch AppUITests" */ = {
			isa = XCConfigurationList;
			buildConfigurations = (
				E19445472E9E54EE000187BC /* Debug */,
				E19445482E9E54EE000187BC /* Release */,
			);
			defaultConfigurationIsVisible = 0;
			defaultConfigurationName = Release;
		};
/* End XCConfigurationList section */
	};
	rootObject = E19444DC2E9E53B5000187BC /* Project object */;
}
